
Microsoft Visual Studio Solution File, Format Version 12.00
# Visual Studio Version 17
VisualStudioVersion = 17.7.34031.279
MinimumVisualStudioVersion = 10.0.40219.1
Project("{FAE04EC0-301F-11D3-BF4B-00C04F79EFBC}") = "SchoolSysMo", "SchoolSysMo.csproj", "{058A07B6-D2C6-4AE1-952D-6368F88AB577}"
EndProject
Global
	GlobalSection(SolutionConfigurationPlatforms) = preSolution
		Debug|Any CPU = Debug|Any CPU
		Release|Any CPU = Release|Any CPU
	EndGlobalSection
	GlobalSection(ProjectConfigurationPlatforms) = postSolution
		{058A07B6-D2C6-4AE1-952D-6368F88AB577}.Debug|Any CPU.ActiveCfg = Debug|Any CPU
		{058A07B6-D2C6-4AE1-952D-6368F88AB577}.Debug|Any CPU.Build.0 = Debug|Any CPU
		{058A07B6-D2C6-4AE1-952D-6368F88AB577}.Release|Any CPU.ActiveCfg = Release|Any CPU
		{058A07B6-D2C6-4AE1-952D-6368F88AB577}.Release|Any CPU.Build.0 = Release|Any CPU
	EndGlobalSection
	GlobalSection(SolutionProperties) = preSolution
		HideSolutionNode = FALSE
	EndGlobalSection
	GlobalSection(ExtensibilityGlobals) = postSolution
		SolutionGuid = {21C29BFF-35A3-4A54-82EB-5304BA5C6DBD}
	EndGlobalSection
EndGlobal
